
Microsoft Visual Studio Solution File, Format Version 12.00
# Visual Studio Version 17
VisualStudioVersion = 17.5.002.0
MinimumVisualStudioVersion = 10.0.40219.1
Project("{9A19103F-16F7-4668-BE54-9A1E7A4F7556}") = "MusicCatalogue.LookupTool", "MusicCatalogue.LookupTool.csproj", "{1865378F-AAFF-4B04-B15B-FE6E8CC69B41}"
EndProject
Global
	GlobalSection(SolutionConfigurationPlatforms) = preSolution
		Debug|Any CPU = Debug|Any CPU
		Release|Any CPU = Release|Any CPU
	EndGlobalSection
	GlobalSection(ProjectConfigurationPlatforms) = postSolution
		{1865378F-AAFF-4B04-B15B-FE6E8CC69B41}.Debug|Any CPU.ActiveCfg = Debug|Any CPU
		{1865378F-AAFF-4B04-B15B-FE6E8CC69B41}.Debug|Any CPU.Build.0 = Debug|Any CPU
		{1865378F-AAFF-4B04-B15B-FE6E8CC69B41}.Release|Any CPU.ActiveCfg = Release|Any CPU
		{1865378F-AAFF-4B04-B15B-FE6E8CC69B41}.Release|Any CPU.Build.0 = Release|Any CPU
	EndGlobalSection
	GlobalSection(SolutionProperties) = preSolution
		HideSolutionNode = FALSE
	EndGlobalSection
	GlobalSection(ExtensibilityGlobals) = postSolution
		SolutionGuid = {435E8A7D-C99A-4E3F-8A23-E2CC7A18C0AD}
	EndGlobalSection
EndGlobal
